{
  "projects": [
    {
      "projectId": "seaQhLVS4bbjiGvJJrRwyL",
      "version": "15.0.3",
      "dependencies": {},
      "lang": "ts",
      "fileLocks": [
        {
          "assetId": "seaQhLVS4bbjiGvJJrRwyL",
          "type": "projectCss",
          "checksum": "dc88471beadb978e51eb3ceb75d10fdb"
        }
      ]
    },
    {
      "projectId": "tmHzdX77B6mvgMnzXh8j6a",
      "version": "latest",
      "dependencies": {
        "seaQhLVS4bbjiGvJJrRwyL": "15.0.3"
      },
      "lang": "ts",
      "fileLocks": [
        {
          "type": "globalVariant",
          "assetId": "xF6fO6-XPkpijp",
          "checksum": "da575389f0814889ebf7246c532f0981"
        },
        {
          "type": "renderModule",
          "assetId": "ivsepDOgf7TqM",
          "checksum": "152be8691c8ecbe6f30a25a24f102f6e"
        },
        {
          "type": "cssRules",
          "assetId": "ivsepDOgf7TqM",
          "checksum": "152be8691c8ecbe6f30a25a24f102f6e"
        },
        {
          "type": "renderModule",
          "assetId": "bsxg5DP_ZQ2YV",
          "checksum": "83c12f9aa344d48933017f6211f83fa4"
        },
        {
          "type": "cssRules",
          "assetId": "bsxg5DP_ZQ2YV",
          "checksum": "83c12f9aa344d48933017f6211f83fa4"
        },
        {
          "type": "renderModule",
          "assetId": "m8mvHwuyh5RqE",
          "checksum": "bf019e84da7815a1dc28ec9a6755d6bc"
        },
        {
          "type": "cssRules",
          "assetId": "m8mvHwuyh5RqE",
          "checksum": "bf019e84da7815a1dc28ec9a6755d6bc"
        },
        {
          "type": "renderModule",
          "assetId": "W4jr7iHajFphe",
          "checksum": "3f7a005345f570f7b81cd4c4676408c1"
        },
        {
          "type": "cssRules",
          "assetId": "W4jr7iHajFphe",
          "checksum": "3f7a005345f570f7b81cd4c4676408c1"
        },
        {
          "type": "renderModule",
          "assetId": "MLDKuYEu8_sDz",
          "checksum": "4c204ff60a981aaa5dd360e3f4e56ce7"
        },
        {
          "type": "cssRules",
          "assetId": "MLDKuYEu8_sDz",
          "checksum": "4c204ff60a981aaa5dd360e3f4e56ce7"
        },
        {
          "type": "renderModule",
          "assetId": "TAZXkX0si4hP4",
          "checksum": "6eb80f13aa11bd2b7d236b6d367eb39a"
        },
        {
          "type": "cssRules",
          "assetId": "TAZXkX0si4hP4",
          "checksum": "6eb80f13aa11bd2b7d236b6d367eb39a"
        },
        {
          "type": "renderModule",
          "assetId": "WRXHryIzPKvJK",
          "checksum": "88bf93302aabc978e81ded2cd83df4c4"
        },
        {
          "type": "cssRules",
          "assetId": "WRXHryIzPKvJK",
          "checksum": "88bf93302aabc978e81ded2cd83df4c4"
        },
        {
          "type": "renderModule",
          "assetId": "_pKW6-fLziLn2",
          "checksum": "bd2ccf1c3fd791babbc783f1f0cbba4b"
        },
        {
          "type": "cssRules",
          "assetId": "_pKW6-fLziLn2",
          "checksum": "bd2ccf1c3fd791babbc783f1f0cbba4b"
        },
        {
          "type": "renderModule",
          "assetId": "MlakmBhDjfuU1",
          "checksum": "86688adcb04016d7240136ee37ccd03b"
        },
        {
          "type": "cssRules",
          "assetId": "MlakmBhDjfuU1",
          "checksum": "86688adcb04016d7240136ee37ccd03b"
        },
        {
          "type": "renderModule",
          "assetId": "8wpTUj0hJLFnMc",
          "checksum": "17db76728c412548f2a86a214a8881ce"
        },
        {
          "type": "cssRules",
          "assetId": "8wpTUj0hJLFnMc",
          "checksum": "17db76728c412548f2a86a214a8881ce"
        },
        {
          "type": "renderModule",
          "assetId": "sGQavtPw_74mNF",
          "checksum": "2f0186aeb739a632f58c4b9ccf70aeb2"
        },
        {
          "type": "cssRules",
          "assetId": "sGQavtPw_74mNF",
          "checksum": "2f0186aeb739a632f58c4b9ccf70aeb2"
        },
        {
          "type": "renderModule",
          "assetId": "Agq84LorRu5-S4",
          "checksum": "c02d389657815be46737aa1aa819672c"
        },
        {
          "type": "cssRules",
          "assetId": "Agq84LorRu5-S4",
          "checksum": "c02d389657815be46737aa1aa819672c"
        },
        {
          "type": "renderModule",
          "assetId": "RySE89cLuaimtN",
          "checksum": "acaf830347ecea934a4f80905c76e5f0"
        },
        {
          "type": "cssRules",
          "assetId": "RySE89cLuaimtN",
          "checksum": "acaf830347ecea934a4f80905c76e5f0"
        },
        {
          "type": "renderModule",
          "assetId": "9Ir6sNX1dNak24",
          "checksum": "7383f4e8d4ef84f820ccfb7cd99eb1da"
        },
        {
          "type": "cssRules",
          "assetId": "9Ir6sNX1dNak24",
          "checksum": "7383f4e8d4ef84f820ccfb7cd99eb1da"
        },
        {
          "type": "renderModule",
          "assetId": "xwIRHtKsmDUXhM",
          "checksum": "5a11a88818f80c0e7f69e59c60e38fdb"
        },
        {
          "type": "cssRules",
          "assetId": "xwIRHtKsmDUXhM",
          "checksum": "5a11a88818f80c0e7f69e59c60e38fdb"
        },
        {
          "type": "renderModule",
          "assetId": "xPO0u3U50qni9D",
          "checksum": "2a2e5e313a23290afe1ce2ed022d8a83"
        },
        {
          "type": "cssRules",
          "assetId": "xPO0u3U50qni9D",
          "checksum": "2a2e5e313a23290afe1ce2ed022d8a83"
        },
        {
          "type": "renderModule",
          "assetId": "afhh8BYYxGfU-i",
          "checksum": "5da0f15bc62ab5df390ddbd5ab7642ec"
        },
        {
          "type": "cssRules",
          "assetId": "afhh8BYYxGfU-i",
          "checksum": "5da0f15bc62ab5df390ddbd5ab7642ec"
        },
        {
          "type": "image",
          "assetId": "gaaWvdyxwVW4mW",
          "checksum": "965af02d3bbf386bcae0f231cd681243"
        },
        {
          "type": "image",
          "assetId": "A0X3-Jmjvq1OEt",
          "checksum": "dbb9d4243fab7c062bb5027c62efaffc"
        },
        {
          "type": "image",
          "assetId": "Zedg2YUrf8c9Y4",
          "checksum": "d1c9aa39e4125071c1bab859777a957d"
        },
        {
          "type": "image",
          "assetId": "uZaqyGSOfZeM5q",
          "checksum": "5c7f147a6b811ea6f7d81d745b5d14bb"
        },
        {
          "assetId": "tmHzdX77B6mvgMnzXh8j6a",
          "type": "projectCss",
          "checksum": "429e0ff997f78e395e024077e7556ad1"
        },
        {
          "type": "icon",
          "assetId": "SzQyBM-6_Ulbb5",
          "checksum": "f728118be10673c5722dd73d8f70dfcd"
        },
        {
          "type": "icon",
          "assetId": "u9aSIo48PZ25tC",
          "checksum": "4fef44924ea25d2f1ff829dfe62730a8"
        },
        {
          "type": "icon",
          "assetId": "MXPrF29_wWESdG",
          "checksum": "2213323d8310cf55c1fcd4d188c8ec3e"
        },
        {
          "type": "icon",
          "assetId": "Ai41Xl8NaV0HHh",
          "checksum": "cfa27e46a6b55bb4720914259c2973c6"
        },
        {
          "type": "icon",
          "assetId": "KZnji5tptsHPky",
          "checksum": "59c21b7d28e8f517faad2e73b15fc31c"
        },
        {
          "type": "icon",
          "assetId": "-c9knOJC7kkBbu",
          "checksum": "be97e7352f483a3b5ac28449395e72ab"
        },
        {
          "type": "icon",
          "assetId": "JVNE5V1t2lvlX3",
          "checksum": "1e4b049c54d6f24325f639a8dcd661d4"
        },
        {
          "type": "icon",
          "assetId": "vqmW4aSKXQ2Smn",
          "checksum": "38709140ffcb439d56db430bb51a176b"
        },
        {
          "type": "icon",
          "assetId": "9orLU-ot3TBqm_",
          "checksum": "d54cf89d1a663a226b3a6f2369bc8cb4"
        },
        {
          "type": "icon",
          "assetId": "wMGA57oAGnizoQ",
          "checksum": "bebfaa838863bb0b78da3372ef00a5f2"
        },
        {
          "type": "icon",
          "assetId": "TMfHAYHu9vCa-u",
          "checksum": "1eb11f179c48f165bad2954f7078352d"
        },
        {
          "type": "icon",
          "assetId": "vo7eFfL5q2URtJ",
          "checksum": "02fc0642382aa8617325b0efd5528cd0"
        },
        {
          "type": "icon",
          "assetId": "hep6peP1Y7z393",
          "checksum": "4a942f7096ddfee14ef9e378738ebfd5"
        },
        {
          "type": "icon",
          "assetId": "hJpteAVM3JCHRo",
          "checksum": "8e7f4f8d59b5e01ae91a356160efded5"
        },
        {
          "type": "icon",
          "assetId": "eow6t8QL1bynYu",
          "checksum": "eed95c224aba4efc620a5bad0d22a8fc"
        },
        {
          "type": "icon",
          "assetId": "BmKYuuutMkp3Pq",
          "checksum": "67d4ed3401352b131b552b177fcf1dcd"
        },
        {
          "type": "icon",
          "assetId": "bOb2V1BLUI39T8",
          "checksum": "40982a9471bdeb8812d5b37fcd07a4d7"
        },
        {
          "type": "icon",
          "assetId": "FH4OLBMQe9b_gQ",
          "checksum": "069ef92815760ab947faede713e818e5"
        },
        {
          "type": "icon",
          "assetId": "qcLIaxA-FYHBcj",
          "checksum": "34fcd2a2f57caf7f6c3da3a488db379f"
        }
      ]
    }
  ],
  "cliVersion": "0.1.135"
}
